
Microsoft Visual Studio Solution File, Format Version 12.00
# Visual Studio Version 16
VisualStudioVersion = 16.0.30114.105
MinimumVisualStudioVersion = 10.0.40219.1
Project("{FAE04EC0-301F-11D3-BF4B-00C04F79EFBC}") = "ASPDOTNETIntro", "ASPDOTNETIntro\ASPDOTNETIntro.csproj", "{246D969F-8D91-4276-8A95-763CA4CE3BF7}"
EndProject
Project("{FAE04EC0-301F-11D3-BF4B-00C04F79EFBC}") = "ASPDOTNET5MVCIntro", "ASPDOTNET5MVCIntro\ASPDOTNET5MVCIntro.csproj", "{D5E76E1F-8FEE-4973-A067-A2D3B1989D70}"
EndProject
Global
	GlobalSection(SolutionConfigurationPlatforms) = preSolution
		Debug|Any CPU = Debug|Any CPU
		Debug|x64 = Debug|x64
		Debug|x86 = Debug|x86
		Release|Any CPU = Release|Any CPU
		Release|x64 = Release|x64
		Release|x86 = Release|x86
	EndGlobalSection
	GlobalSection(SolutionProperties) = preSolution
		HideSolutionNode = FALSE
	EndGlobalSection
	GlobalSection(ProjectConfigurationPlatforms) = postSolution
		{246D969F-8D91-4276-8A95-763CA4CE3BF7}.Debug|Any CPU.ActiveCfg = Debug|Any CPU
		{246D969F-8D91-4276-8A95-763CA4CE3BF7}.Debug|Any CPU.Build.0 = Debug|Any CPU
		{246D969F-8D91-4276-8A95-763CA4CE3BF7}.Debug|x64.ActiveCfg = Debug|Any CPU
		{246D969F-8D91-4276-8A95-763CA4CE3BF7}.Debug|x64.Build.0 = Debug|Any CPU
		{246D969F-8D91-4276-8A95-763CA4CE3BF7}.Debug|x86.ActiveCfg = Debug|Any CPU
		{246D969F-8D91-4276-8A95-763CA4CE3BF7}.Debug|x86.Build.0 = Debug|Any CPU
		{246D969F-8D91-4276-8A95-763CA4CE3BF7}.Release|Any CPU.ActiveCfg = Release|Any CPU
		{246D969F-8D91-4276-8A95-763CA4CE3BF7}.Release|Any CPU.Build.0 = Release|Any CPU
		{246D969F-8D91-4276-8A95-763CA4CE3BF7}.Release|x64.ActiveCfg = Release|Any CPU
		{246D969F-8D91-4276-8A95-763CA4CE3BF7}.Release|x64.Build.0 = Release|Any CPU
		{246D969F-8D91-4276-8A95-763CA4CE3BF7}.Release|x86.ActiveCfg = Release|Any CPU
		{246D969F-8D91-4276-8A95-763CA4CE3BF7}.Release|x86.Build.0 = Release|Any CPU
		{D5E76E1F-8FEE-4973-A067-A2D3B1989D70}.Debug|Any CPU.ActiveCfg = Debug|Any CPU
		{D5E76E1F-8FEE-4973-A067-A2D3B1989D70}.Debug|Any CPU.Build.0 = Debug|Any CPU
		{D5E76E1F-8FEE-4973-A067-A2D3B1989D70}.Debug|x64.ActiveCfg = Debug|Any CPU
		{D5E76E1F-8FEE-4973-A067-A2D3B1989D70}.Debug|x64.Build.0 = Debug|Any CPU
		{D5E76E1F-8FEE-4973-A067-A2D3B1989D70}.Debug|x86.ActiveCfg = Debug|Any CPU
		{D5E76E1F-8FEE-4973-A067-A2D3B1989D70}.Debug|x86.Build.0 = Debug|Any CPU
		{D5E76E1F-8FEE-4973-A067-A2D3B1989D70}.Release|Any CPU.ActiveCfg = Release|Any CPU
		{D5E76E1F-8FEE-4973-A067-A2D3B1989D70}.Release|Any CPU.Build.0 = Release|Any CPU
		{D5E76E1F-8FEE-4973-A067-A2D3B1989D70}.Release|x64.ActiveCfg = Release|Any CPU
		{D5E76E1F-8FEE-4973-A067-A2D3B1989D70}.Release|x64.Build.0 = Release|Any CPU
		{D5E76E1F-8FEE-4973-A067-A2D3B1989D70}.Release|x86.ActiveCfg = Release|Any CPU
		{D5E76E1F-8FEE-4973-A067-A2D3B1989D70}.Release|x86.Build.0 = Release|Any CPU
	EndGlobalSection
EndGlobal
